{
  "nodes": {
    "conflake": {
      "inputs": {
        "nixpkgs": [
          "nixpkgs"
        ]
      },
      "locked": {
        "lastModified": 1736999549,
        "narHash": "sha256-nVJrMYgeIW1j9k9MtLeuOwPOXzmr0erW3sFNEL3fHp0=",
        "owner": "ratson",
        "repo": "conflake",
        "rev": "1bdee0b0ada75eb8b420d7fc2c34b5ef99afeda6",
        "type": "github"
      },
      "original": {
        "owner": "ratson",
        "repo": "conflake",
        "type": "github"
      }
    },
    "nixpkgs": {
      "locked": {
        "lastModified": 1737110817,
        "narHash": "sha256-DSenga8XjPaUV5KUFW/i3rNkN7jm9XmguW+qQ1ZJTR4=",
        "owner": "NixOS",
        "repo": "nixpkgs",
        "rev": "041c867bad68dfe34b78b2813028a2e2ea70a23c",
        "type": "github"
      },
      "original": {
        "owner": "NixOS",
        "ref": "nixpkgs-unstable",
        "repo": "nixpkgs",
        "type": "github"
      }
    },
    "root": {
      "inputs": {
        "conflake": "conflake",
        "nixpkgs": "nixpkgs"
      }
    }
  },
  "root": "root",
  "version": 7
}
